
Microsoft Visual Studio Solution File, Format Version 12.00
# Visual Studio Version 17
VisualStudioVersion = 17.5.2.0
MinimumVisualStudioVersion = 10.0.40219.1
Project("{FAE04EC0-301F-11D3-BF4B-00C04F79EFBC}") = "ConsoleCalc.Tests", "ConsoleCalc.Tests\ConsoleCalc.Tests.csproj", "{37340CB8-A6D4-4D20-89D9-5EA6A46D096F}"
	ProjectSection(ProjectDependencies) = postProject
		{E62055CA-C647-4DE4-B389-023C6B954198} = {E62055CA-C647-4DE4-B389-023C6B954198}
	EndProjectSection
EndProject
Project("{FAE04EC0-301F-11D3-BF4B-00C04F79EFBC}") = "ConsoleCalc.Core", "ConsoleCalc.Core\ConsoleCalc.Core.csproj", "{E62055CA-C647-4DE4-B389-023C6B954198}"
EndProject
Project("{FAE04EC0-301F-11D3-BF4B-00C04F79EFBC}") = "ConsoleCalc.Console", "ConsoleCalc.Console\ConsoleCalc.Console.csproj", "{FE1F361A-ED21-4264-9AF8-C4B174971859}"
	ProjectSection(ProjectDependencies) = postProject
		{E62055CA-C647-4DE4-B389-023C6B954198} = {E62055CA-C647-4DE4-B389-023C6B954198}
	EndProjectSection
EndProject
Global
	GlobalSection(SolutionConfigurationPlatforms) = preSolution
		Debug|Any CPU = Debug|Any CPU
		Debug|x64 = Debug|x64
		Debug|x86 = Debug|x86
		Release|Any CPU = Release|Any CPU
		Release|x64 = Release|x64
		Release|x86 = Release|x86
	EndGlobalSection
	GlobalSection(ProjectConfigurationPlatforms) = postSolution
		{37340CB8-A6D4-4D20-89D9-5EA6A46D096F}.Debug|Any CPU.ActiveCfg = Debug|Any CPU
		{37340CB8-A6D4-4D20-89D9-5EA6A46D096F}.Debug|Any CPU.Build.0 = Debug|Any CPU
		{37340CB8-A6D4-4D20-89D9-5EA6A46D096F}.Debug|x64.ActiveCfg = Debug|Any CPU
		{37340CB8-A6D4-4D20-89D9-5EA6A46D096F}.Debug|x64.Build.0 = Debug|Any CPU
		{37340CB8-A6D4-4D20-89D9-5EA6A46D096F}.Debug|x86.ActiveCfg = Debug|Any CPU
		{37340CB8-A6D4-4D20-89D9-5EA6A46D096F}.Debug|x86.Build.0 = Debug|Any CPU
		{37340CB8-A6D4-4D20-89D9-5EA6A46D096F}.Release|Any CPU.ActiveCfg = Release|Any CPU
		{37340CB8-A6D4-4D20-89D9-5EA6A46D096F}.Release|Any CPU.Build.0 = Release|Any CPU
		{37340CB8-A6D4-4D20-89D9-5EA6A46D096F}.Release|x64.ActiveCfg = Release|Any CPU
		{37340CB8-A6D4-4D20-89D9-5EA6A46D096F}.Release|x64.Build.0 = Release|Any CPU
		{37340CB8-A6D4-4D20-89D9-5EA6A46D096F}.Release|x86.ActiveCfg = Release|Any CPU
		{37340CB8-A6D4-4D20-89D9-5EA6A46D096F}.Release|x86.Build.0 = Release|Any CPU
		{E62055CA-C647-4DE4-B389-023C6B954198}.Debug|Any CPU.ActiveCfg = Debug|Any CPU
		{E62055CA-C647-4DE4-B389-023C6B954198}.Debug|Any CPU.Build.0 = Debug|Any CPU
		{E62055CA-C647-4DE4-B389-023C6B954198}.Debug|x64.ActiveCfg = Debug|Any CPU
		{E62055CA-C647-4DE4-B389-023C6B954198}.Debug|x64.Build.0 = Debug|Any CPU
		{E62055CA-C647-4DE4-B389-023C6B954198}.Debug|x86.ActiveCfg = Debug|Any CPU
		{E62055CA-C647-4DE4-B389-023C6B954198}.Debug|x86.Build.0 = Debug|Any CPU
		{E62055CA-C647-4DE4-B389-023C6B954198}.Release|Any CPU.ActiveCfg = Release|Any CPU
		{E62055CA-C647-4DE4-B389-023C6B954198}.Release|Any CPU.Build.0 = Release|Any CPU
		{E62055CA-C647-4DE4-B389-023C6B954198}.Release|x64.ActiveCfg = Release|Any CPU
		{E62055CA-C647-4DE4-B389-023C6B954198}.Release|x64.Build.0 = Release|Any CPU
		{E62055CA-C647-4DE4-B389-023C6B954198}.Release|x86.ActiveCfg = Release|Any CPU
		{E62055CA-C647-4DE4-B389-023C6B954198}.Release|x86.Build.0 = Release|Any CPU
		{FE1F361A-ED21-4264-9AF8-C4B174971859}.Debug|Any CPU.ActiveCfg = Debug|Any CPU
		{FE1F361A-ED21-4264-9AF8-C4B174971859}.Debug|Any CPU.Build.0 = Debug|Any CPU
		{FE1F361A-ED21-4264-9AF8-C4B174971859}.Debug|x64.ActiveCfg = Debug|Any CPU
		{FE1F361A-ED21-4264-9AF8-C4B174971859}.Debug|x64.Build.0 = Debug|Any CPU
		{FE1F361A-ED21-4264-9AF8-C4B174971859}.Debug|x86.ActiveCfg = Debug|Any CPU
		{FE1F361A-ED21-4264-9AF8-C4B174971859}.Debug|x86.Build.0 = Debug|Any CPU
		{FE1F361A-ED21-4264-9AF8-C4B174971859}.Release|Any CPU.ActiveCfg = Release|Any CPU
		{FE1F361A-ED21-4264-9AF8-C4B174971859}.Release|Any CPU.Build.0 = Release|Any CPU
		{FE1F361A-ED21-4264-9AF8-C4B174971859}.Release|x64.ActiveCfg = Release|Any CPU
		{FE1F361A-ED21-4264-9AF8-C4B174971859}.Release|x64.Build.0 = Release|Any CPU
		{FE1F361A-ED21-4264-9AF8-C4B174971859}.Release|x86.ActiveCfg = Release|Any CPU
		{FE1F361A-ED21-4264-9AF8-C4B174971859}.Release|x86.Build.0 = Release|Any CPU
	EndGlobalSection
	GlobalSection(SolutionProperties) = preSolution
		HideSolutionNode = FALSE
	EndGlobalSection
	GlobalSection(ExtensibilityGlobals) = postSolution
		SolutionGuid = {A05BDB66-73AA-4E37-95C5-CCC93A46CBEA}
	EndGlobalSection
EndGlobal
